
Microsoft Visual Studio Solution File, Format Version 12.00
# Visual Studio Version 16
VisualStudioVersion = 16.0.29613.14
MinimumVisualStudioVersion = 10.0.40219.1
Project("{FAE04EC0-301F-11D3-BF4B-00C04F79EFBC}") = "BoilerConvenienceFinder.Android", "BoilerConvienceFinder\BoilerConvienceFinder.Android\BoilerConvenienceFinder.Android.csproj", "{24CE3C36-16B9-426D-AA0C-5961ECF8D88C}"
EndProject
Project("{9A19103F-16F7-4668-BE54-9A1E7A4F7556}") = "BoilerConvenienceFinder", "BoilerConvienceFinder\BoilerConvenienceFinder\BoilerConvenienceFinder.csproj", "{4247E8B5-003D-4DD9-BB8F-65FC98AC946E}"
EndProject
Project("{FAE04EC0-301F-11D3-BF4B-00C04F79EFBC}") = "BoilerConvenienceFinder.iOS", "BoilerConvienceFinder\BoilerConvenienceFinder.iOS\BoilerConvenienceFinder.iOS.csproj", "{BADDB94B-971D-4839-94BF-54E3EE784DC2}"
EndProject
Global
	GlobalSection(SolutionConfigurationPlatforms) = preSolution
		Debug|Any CPU = Debug|Any CPU
		Debug|iPhone = Debug|iPhone
		Debug|iPhoneSimulator = Debug|iPhoneSimulator
		Release|Any CPU = Release|Any CPU
		Release|iPhone = Release|iPhone
		Release|iPhoneSimulator = Release|iPhoneSimulator
	EndGlobalSection
	GlobalSection(ProjectConfigurationPlatforms) = postSolution
		{24CE3C36-16B9-426D-AA0C-5961ECF8D88C}.Debug|Any CPU.ActiveCfg = Debug|Any CPU
		{24CE3C36-16B9-426D-AA0C-5961ECF8D88C}.Debug|Any CPU.Build.0 = Debug|Any CPU
		{24CE3C36-16B9-426D-AA0C-5961ECF8D88C}.Debug|Any CPU.Deploy.0 = Debug|Any CPU
		{24CE3C36-16B9-426D-AA0C-5961ECF8D88C}.Debug|iPhone.ActiveCfg = Debug|Any CPU
		{24CE3C36-16B9-426D-AA0C-5961ECF8D88C}.Debug|iPhone.Build.0 = Debug|Any CPU
		{24CE3C36-16B9-426D-AA0C-5961ECF8D88C}.Debug|iPhone.Deploy.0 = Debug|Any CPU
		{24CE3C36-16B9-426D-AA0C-5961ECF8D88C}.Debug|iPhoneSimulator.ActiveCfg = Debug|Any CPU
		{24CE3C36-16B9-426D-AA0C-5961ECF8D88C}.Debug|iPhoneSimulator.Build.0 = Debug|Any CPU
		{24CE3C36-16B9-426D-AA0C-5961ECF8D88C}.Debug|iPhoneSimulator.Deploy.0 = Debug|Any CPU
		{24CE3C36-16B9-426D-AA0C-5961ECF8D88C}.Release|Any CPU.ActiveCfg = Release|Any CPU
		{24CE3C36-16B9-426D-AA0C-5961ECF8D88C}.Release|Any CPU.Build.0 = Release|Any CPU
		{24CE3C36-16B9-426D-AA0C-5961ECF8D88C}.Release|Any CPU.Deploy.0 = Release|Any CPU
		{24CE3C36-16B9-426D-AA0C-5961ECF8D88C}.Release|iPhone.ActiveCfg = Release|Any CPU
		{24CE3C36-16B9-426D-AA0C-5961ECF8D88C}.Release|iPhone.Build.0 = Release|Any CPU
		{24CE3C36-16B9-426D-AA0C-5961ECF8D88C}.Release|iPhone.Deploy.0 = Release|Any CPU
		{24CE3C36-16B9-426D-AA0C-5961ECF8D88C}.Release|iPhoneSimulator.ActiveCfg = Release|Any CPU
		{24CE3C36-16B9-426D-AA0C-5961ECF8D88C}.Release|iPhoneSimulator.Build.0 = Release|Any CPU
		{24CE3C36-16B9-426D-AA0C-5961ECF8D88C}.Release|iPhoneSimulator.Deploy.0 = Release|Any CPU
		{4247E8B5-003D-4DD9-BB8F-65FC98AC946E}.Debug|Any CPU.ActiveCfg = Debug|Any CPU
		{4247E8B5-003D-4DD9-BB8F-65FC98AC946E}.Debug|Any CPU.Build.0 = Debug|Any CPU
		{4247E8B5-003D-4DD9-BB8F-65FC98AC946E}.Debug|iPhone.ActiveCfg = Debug|Any CPU
		{4247E8B5-003D-4DD9-BB8F-65FC98AC946E}.Debug|iPhone.Build.0 = Debug|Any CPU
		{4247E8B5-003D-4DD9-BB8F-65FC98AC946E}.Debug|iPhoneSimulator.ActiveCfg = Debug|Any CPU
		{4247E8B5-003D-4DD9-BB8F-65FC98AC946E}.Debug|iPhoneSimulator.Build.0 = Debug|Any CPU
		{4247E8B5-003D-4DD9-BB8F-65FC98AC946E}.Release|Any CPU.ActiveCfg = Release|Any CPU
		{4247E8B5-003D-4DD9-BB8F-65FC98AC946E}.Release|Any CPU.Build.0 = Release|Any CPU
		{4247E8B5-003D-4DD9-BB8F-65FC98AC946E}.Release|iPhone.ActiveCfg = Release|Any CPU
		{4247E8B5-003D-4DD9-BB8F-65FC98AC946E}.Release|iPhone.Build.0 = Release|Any CPU
		{4247E8B5-003D-4DD9-BB8F-65FC98AC946E}.Release|iPhoneSimulator.ActiveCfg = Release|Any CPU
		{4247E8B5-003D-4DD9-BB8F-65FC98AC946E}.Release|iPhoneSimulator.Build.0 = Release|Any CPU
		{BADDB94B-971D-4839-94BF-54E3EE784DC2}.Debug|Any CPU.ActiveCfg = Debug|iPhone
		{BADDB94B-971D-4839-94BF-54E3EE784DC2}.Debug|iPhone.ActiveCfg = Debug|iPhone
		{BADDB94B-971D-4839-94BF-54E3EE784DC2}.Debug|iPhone.Build.0 = Debug|iPhone
		{BADDB94B-971D-4839-94BF-54E3EE784DC2}.Debug|iPhoneSimulator.ActiveCfg = Debug|iPhoneSimulator
		{BADDB94B-971D-4839-94BF-54E3EE784DC2}.Debug|iPhoneSimulator.Build.0 = Debug|iPhoneSimulator
		{BADDB94B-971D-4839-94BF-54E3EE784DC2}.Release|Any CPU.ActiveCfg = Release|iPhone
		{BADDB94B-971D-4839-94BF-54E3EE784DC2}.Release|iPhone.ActiveCfg = Release|iPhone
		{BADDB94B-971D-4839-94BF-54E3EE784DC2}.Release|iPhone.Build.0 = Release|iPhone
		{BADDB94B-971D-4839-94BF-54E3EE784DC2}.Release|iPhoneSimulator.ActiveCfg = Release|iPhoneSimulator
		{BADDB94B-971D-4839-94BF-54E3EE784DC2}.Release|iPhoneSimulator.Build.0 = Release|iPhoneSimulator
	EndGlobalSection
	GlobalSection(SolutionProperties) = preSolution
		HideSolutionNode = FALSE
	EndGlobalSection
	GlobalSection(ExtensibilityGlobals) = postSolution
		SolutionGuid = {A949FB63-6429-415A-83C3-A81A80C11775}
	EndGlobalSection
EndGlobal
