
Microsoft Visual Studio Solution File, Format Version 12.00
# Visual Studio Version 16
VisualStudioVersion = 16.0.29613.14
MinimumVisualStudioVersion = 10.0.40219.1
Project("{FAE04EC0-301F-11D3-BF4B-00C04F79EFBC}") = "BoilerConvenienceFinder.Android", "BoilerConvenienceFinder\BoilerConvenienceFinder.Android\BoilerConvenienceFinder.Android.csproj", "{B0B80260-E012-43F6-8227-E825F9F7719B}"
EndProject
Project("{FAE04EC0-301F-11D3-BF4B-00C04F79EFBC}") = "BoilerConvenienceFinder.iOS", "BoilerConvenienceFinder\BoilerConvenienceFinder.iOS\BoilerConvenienceFinder.iOS.csproj", "{778E4CF1-6DB2-4D67-9258-3A75EA322CBF}"
EndProject
Project("{FAE04EC0-301F-11D3-BF4B-00C04F79EFBC}") = "BoilerConvenienceFinder", "BoilerConvenienceFinder\BoilerConvenienceFinder\BoilerConvenienceFinder.csproj", "{46D5BEFB-6C44-4EB1-93AF-45D60249E52E}"
EndProject
Project("{00D1A9C2-B5F0-4AF3-8072-F6C62B433612}") = "BoilerConvenienceFinder.Db", "BoilerConvenienceFinder.Db\BoilerConvenienceFinder.Db.sqlproj", "{67020B2E-7117-4679-8D54-2282EA1DB0DD}"
EndProject
Global
	GlobalSection(SolutionConfigurationPlatforms) = preSolution
		Debug|Any CPU = Debug|Any CPU
		Debug|iPhone = Debug|iPhone
		Debug|iPhoneSimulator = Debug|iPhoneSimulator
		Release|Any CPU = Release|Any CPU
		Release|iPhone = Release|iPhone
		Release|iPhoneSimulator = Release|iPhoneSimulator
	EndGlobalSection
	GlobalSection(ProjectConfigurationPlatforms) = postSolution
		{B0B80260-E012-43F6-8227-E825F9F7719B}.Debug|Any CPU.ActiveCfg = Debug|Any CPU
		{B0B80260-E012-43F6-8227-E825F9F7719B}.Debug|Any CPU.Build.0 = Debug|Any CPU
		{B0B80260-E012-43F6-8227-E825F9F7719B}.Debug|Any CPU.Deploy.0 = Debug|Any CPU
		{B0B80260-E012-43F6-8227-E825F9F7719B}.Debug|iPhone.ActiveCfg = Debug|Any CPU
		{B0B80260-E012-43F6-8227-E825F9F7719B}.Debug|iPhone.Build.0 = Debug|Any CPU
		{B0B80260-E012-43F6-8227-E825F9F7719B}.Debug|iPhone.Deploy.0 = Debug|Any CPU
		{B0B80260-E012-43F6-8227-E825F9F7719B}.Debug|iPhoneSimulator.ActiveCfg = Debug|Any CPU
		{B0B80260-E012-43F6-8227-E825F9F7719B}.Debug|iPhoneSimulator.Build.0 = Debug|Any CPU
		{B0B80260-E012-43F6-8227-E825F9F7719B}.Debug|iPhoneSimulator.Deploy.0 = Debug|Any CPU
		{B0B80260-E012-43F6-8227-E825F9F7719B}.Release|Any CPU.ActiveCfg = Release|Any CPU
		{B0B80260-E012-43F6-8227-E825F9F7719B}.Release|Any CPU.Build.0 = Release|Any CPU
		{B0B80260-E012-43F6-8227-E825F9F7719B}.Release|Any CPU.Deploy.0 = Release|Any CPU
		{B0B80260-E012-43F6-8227-E825F9F7719B}.Release|iPhone.ActiveCfg = Release|Any CPU
		{B0B80260-E012-43F6-8227-E825F9F7719B}.Release|iPhone.Build.0 = Release|Any CPU
		{B0B80260-E012-43F6-8227-E825F9F7719B}.Release|iPhone.Deploy.0 = Release|Any CPU
		{B0B80260-E012-43F6-8227-E825F9F7719B}.Release|iPhoneSimulator.ActiveCfg = Release|Any CPU
		{B0B80260-E012-43F6-8227-E825F9F7719B}.Release|iPhoneSimulator.Build.0 = Release|Any CPU
		{B0B80260-E012-43F6-8227-E825F9F7719B}.Release|iPhoneSimulator.Deploy.0 = Release|Any CPU
		{778E4CF1-6DB2-4D67-9258-3A75EA322CBF}.Debug|Any CPU.ActiveCfg = Debug|iPhone
		{778E4CF1-6DB2-4D67-9258-3A75EA322CBF}.Debug|iPhone.ActiveCfg = Debug|iPhone
		{778E4CF1-6DB2-4D67-9258-3A75EA322CBF}.Debug|iPhone.Build.0 = Debug|iPhone
		{778E4CF1-6DB2-4D67-9258-3A75EA322CBF}.Debug|iPhoneSimulator.ActiveCfg = Debug|iPhoneSimulator
		{778E4CF1-6DB2-4D67-9258-3A75EA322CBF}.Debug|iPhoneSimulator.Build.0 = Debug|iPhoneSimulator
		{778E4CF1-6DB2-4D67-9258-3A75EA322CBF}.Release|Any CPU.ActiveCfg = Release|iPhone
		{778E4CF1-6DB2-4D67-9258-3A75EA322CBF}.Release|iPhone.ActiveCfg = Release|iPhone
		{778E4CF1-6DB2-4D67-9258-3A75EA322CBF}.Release|iPhone.Build.0 = Release|iPhone
		{778E4CF1-6DB2-4D67-9258-3A75EA322CBF}.Release|iPhoneSimulator.ActiveCfg = Release|iPhoneSimulator
		{778E4CF1-6DB2-4D67-9258-3A75EA322CBF}.Release|iPhoneSimulator.Build.0 = Release|iPhoneSimulator
		{46D5BEFB-6C44-4EB1-93AF-45D60249E52E}.Debug|Any CPU.ActiveCfg = Debug|Any CPU
		{46D5BEFB-6C44-4EB1-93AF-45D60249E52E}.Debug|Any CPU.Build.0 = Debug|Any CPU
		{46D5BEFB-6C44-4EB1-93AF-45D60249E52E}.Debug|iPhone.ActiveCfg = Debug|Any CPU
		{46D5BEFB-6C44-4EB1-93AF-45D60249E52E}.Debug|iPhone.Build.0 = Debug|Any CPU
		{46D5BEFB-6C44-4EB1-93AF-45D60249E52E}.Debug|iPhoneSimulator.ActiveCfg = Debug|Any CPU
		{46D5BEFB-6C44-4EB1-93AF-45D60249E52E}.Debug|iPhoneSimulator.Build.0 = Debug|Any CPU
		{46D5BEFB-6C44-4EB1-93AF-45D60249E52E}.Release|Any CPU.ActiveCfg = Release|Any CPU
		{46D5BEFB-6C44-4EB1-93AF-45D60249E52E}.Release|Any CPU.Build.0 = Release|Any CPU
		{46D5BEFB-6C44-4EB1-93AF-45D60249E52E}.Release|iPhone.ActiveCfg = Release|Any CPU
		{46D5BEFB-6C44-4EB1-93AF-45D60249E52E}.Release|iPhone.Build.0 = Release|Any CPU
		{46D5BEFB-6C44-4EB1-93AF-45D60249E52E}.Release|iPhoneSimulator.ActiveCfg = Release|Any CPU
		{46D5BEFB-6C44-4EB1-93AF-45D60249E52E}.Release|iPhoneSimulator.Build.0 = Release|Any CPU
		{67020B2E-7117-4679-8D54-2282EA1DB0DD}.Debug|Any CPU.ActiveCfg = Debug|Any CPU
		{67020B2E-7117-4679-8D54-2282EA1DB0DD}.Debug|Any CPU.Build.0 = Debug|Any CPU
		{67020B2E-7117-4679-8D54-2282EA1DB0DD}.Debug|Any CPU.Deploy.0 = Debug|Any CPU
		{67020B2E-7117-4679-8D54-2282EA1DB0DD}.Debug|iPhone.ActiveCfg = Debug|Any CPU
		{67020B2E-7117-4679-8D54-2282EA1DB0DD}.Debug|iPhone.Build.0 = Debug|Any CPU
		{67020B2E-7117-4679-8D54-2282EA1DB0DD}.Debug|iPhone.Deploy.0 = Debug|Any CPU
		{67020B2E-7117-4679-8D54-2282EA1DB0DD}.Debug|iPhoneSimulator.ActiveCfg = Debug|Any CPU
		{67020B2E-7117-4679-8D54-2282EA1DB0DD}.Debug|iPhoneSimulator.Build.0 = Debug|Any CPU
		{67020B2E-7117-4679-8D54-2282EA1DB0DD}.Debug|iPhoneSimulator.Deploy.0 = Debug|Any CPU
		{67020B2E-7117-4679-8D54-2282EA1DB0DD}.Release|Any CPU.ActiveCfg = Release|Any CPU
		{67020B2E-7117-4679-8D54-2282EA1DB0DD}.Release|Any CPU.Build.0 = Release|Any CPU
		{67020B2E-7117-4679-8D54-2282EA1DB0DD}.Release|Any CPU.Deploy.0 = Release|Any CPU
		{67020B2E-7117-4679-8D54-2282EA1DB0DD}.Release|iPhone.ActiveCfg = Release|Any CPU
		{67020B2E-7117-4679-8D54-2282EA1DB0DD}.Release|iPhone.Build.0 = Release|Any CPU
		{67020B2E-7117-4679-8D54-2282EA1DB0DD}.Release|iPhone.Deploy.0 = Release|Any CPU
		{67020B2E-7117-4679-8D54-2282EA1DB0DD}.Release|iPhoneSimulator.ActiveCfg = Release|Any CPU
		{67020B2E-7117-4679-8D54-2282EA1DB0DD}.Release|iPhoneSimulator.Build.0 = Release|Any CPU
		{67020B2E-7117-4679-8D54-2282EA1DB0DD}.Release|iPhoneSimulator.Deploy.0 = Release|Any CPU
	EndGlobalSection
	GlobalSection(SolutionProperties) = preSolution
		HideSolutionNode = FALSE
	EndGlobalSection
	GlobalSection(ExtensibilityGlobals) = postSolution
		SolutionGuid = {A949FB63-6429-415A-83C3-A81A80C11775}
	EndGlobalSection
EndGlobal
